
Microsoft Visual Studio Solution File, Format Version 12.00
# Visual Studio Version 16
VisualStudioVersion = 16.0.30804.86
MinimumVisualStudioVersion = 10.0.40219.1
Project("{9A19103F-16F7-4668-BE54-9A1E7A4F7556}") = "Client", "Client\Client.csproj", "{AC3384FD-6D0A-4226-AD04-912444065684}"
EndProject
Project("{2150E333-8FDC-42A3-9474-1A3956D46DE8}") = "Database", "Database", "{7A735B5A-9749-4C8E-8F00-7B959C8245D9}"
EndProject
Project("{9A19103F-16F7-4668-BE54-9A1E7A4F7556}") = "PasswordKeeper.Database", "PasswordKeeper.Database\PasswordKeeper.Database.csproj", "{B86C5ABD-53A0-4D2C-AC50-0ECF7699CE49}"
EndProject
Project("{2150E333-8FDC-42A3-9474-1A3956D46DE8}") = "Resource", "Resource", "{DF74035C-E18A-4C01-80F4-289D05584994}"
EndProject
Project("{2150E333-8FDC-42A3-9474-1A3956D46DE8}") = "Manager", "Manager", "{23BF5C9D-1427-46CD-AF6E-2BE7ACC61198}"
EndProject
Project("{2150E333-8FDC-42A3-9474-1A3956D46DE8}") = "Infrastructure", "Infrastructure", "{BA54C308-1E8C-46F1-B767-28C4DE9291C1}"
EndProject
Project("{FAE04EC0-301F-11D3-BF4B-00C04F79EFBC}") = "PasswordKeeper.Infrastructure", "PasswordKeeper.Infrastructure\PasswordKeeper.Infrastructure.csproj", "{223BA64C-9E1C-491B-A9A9-4410B6CFB270}"
EndProject
Project("{FAE04EC0-301F-11D3-BF4B-00C04F79EFBC}") = "PasswordKeeper.Manager.Configuration", "PasswordKeeper.Manager.Configuration\PasswordKeeper.Manager.Configuration.csproj", "{0B991959-CAA0-49DB-8BD1-BE000497A0C3}"
EndProject
Project("{FAE04EC0-301F-11D3-BF4B-00C04F79EFBC}") = "PasswordKeeper.Resource.Configuration", "PasswordKeeper.Resource.Configuration\PasswordKeeper.Resource.Configuration.csproj", "{77C1AF8E-3968-475F-BA8A-C48A45B3F5A9}"
EndProject
Global
	GlobalSection(SolutionConfigurationPlatforms) = preSolution
		Debug|Any CPU = Debug|Any CPU
		Release|Any CPU = Release|Any CPU
	EndGlobalSection
	GlobalSection(ProjectConfigurationPlatforms) = postSolution
		{AC3384FD-6D0A-4226-AD04-912444065684}.Debug|Any CPU.ActiveCfg = Debug|Any CPU
		{AC3384FD-6D0A-4226-AD04-912444065684}.Debug|Any CPU.Build.0 = Debug|Any CPU
		{AC3384FD-6D0A-4226-AD04-912444065684}.Release|Any CPU.ActiveCfg = Release|Any CPU
		{AC3384FD-6D0A-4226-AD04-912444065684}.Release|Any CPU.Build.0 = Release|Any CPU
		{B86C5ABD-53A0-4D2C-AC50-0ECF7699CE49}.Debug|Any CPU.ActiveCfg = Debug|Any CPU
		{B86C5ABD-53A0-4D2C-AC50-0ECF7699CE49}.Debug|Any CPU.Build.0 = Debug|Any CPU
		{B86C5ABD-53A0-4D2C-AC50-0ECF7699CE49}.Release|Any CPU.ActiveCfg = Release|Any CPU
		{B86C5ABD-53A0-4D2C-AC50-0ECF7699CE49}.Release|Any CPU.Build.0 = Release|Any CPU
		{223BA64C-9E1C-491B-A9A9-4410B6CFB270}.Debug|Any CPU.ActiveCfg = Debug|Any CPU
		{223BA64C-9E1C-491B-A9A9-4410B6CFB270}.Debug|Any CPU.Build.0 = Debug|Any CPU
		{223BA64C-9E1C-491B-A9A9-4410B6CFB270}.Release|Any CPU.ActiveCfg = Release|Any CPU
		{223BA64C-9E1C-491B-A9A9-4410B6CFB270}.Release|Any CPU.Build.0 = Release|Any CPU
		{0B991959-CAA0-49DB-8BD1-BE000497A0C3}.Debug|Any CPU.ActiveCfg = Debug|Any CPU
		{0B991959-CAA0-49DB-8BD1-BE000497A0C3}.Debug|Any CPU.Build.0 = Debug|Any CPU
		{0B991959-CAA0-49DB-8BD1-BE000497A0C3}.Release|Any CPU.ActiveCfg = Release|Any CPU
		{0B991959-CAA0-49DB-8BD1-BE000497A0C3}.Release|Any CPU.Build.0 = Release|Any CPU
		{77C1AF8E-3968-475F-BA8A-C48A45B3F5A9}.Debug|Any CPU.ActiveCfg = Debug|Any CPU
		{77C1AF8E-3968-475F-BA8A-C48A45B3F5A9}.Debug|Any CPU.Build.0 = Debug|Any CPU
		{77C1AF8E-3968-475F-BA8A-C48A45B3F5A9}.Release|Any CPU.ActiveCfg = Release|Any CPU
		{77C1AF8E-3968-475F-BA8A-C48A45B3F5A9}.Release|Any CPU.Build.0 = Release|Any CPU
	EndGlobalSection
	GlobalSection(SolutionProperties) = preSolution
		HideSolutionNode = FALSE
	EndGlobalSection
	GlobalSection(NestedProjects) = preSolution
		{B86C5ABD-53A0-4D2C-AC50-0ECF7699CE49} = {7A735B5A-9749-4C8E-8F00-7B959C8245D9}
		{223BA64C-9E1C-491B-A9A9-4410B6CFB270} = {BA54C308-1E8C-46F1-B767-28C4DE9291C1}
		{0B991959-CAA0-49DB-8BD1-BE000497A0C3} = {23BF5C9D-1427-46CD-AF6E-2BE7ACC61198}
		{77C1AF8E-3968-475F-BA8A-C48A45B3F5A9} = {DF74035C-E18A-4C01-80F4-289D05584994}
	EndGlobalSection
	GlobalSection(ExtensibilityGlobals) = postSolution
		SolutionGuid = {F1ADA42E-63F9-474A-B715-CA28F7B00BE4}
	EndGlobalSection
EndGlobal
